
Microsoft Visual Studio Solution File, Format Version 12.00
# Visual Studio Version 16
VisualStudioVersion = 16.0.30330.147
MinimumVisualStudioVersion = 10.0.40219.1
Project("{F184B08F-C81C-45F6-A57F-5ABD9991F28F}") = "201314609_HOSPITAL", "201314609_HOSPITAL\201314609_HOSPITAL.vbproj", "{983244E8-DBAA-4ECF-AF6E-02950446C455}"
EndProject
Global
	GlobalSection(SolutionConfigurationPlatforms) = preSolution
		Debug|Any CPU = Debug|Any CPU
		Release|Any CPU = Release|Any CPU
	EndGlobalSection
	GlobalSection(ProjectConfigurationPlatforms) = postSolution
		{983244E8-DBAA-4ECF-AF6E-02950446C455}.Debug|Any CPU.ActiveCfg = Debug|Any CPU
		{983244E8-DBAA-4ECF-AF6E-02950446C455}.Debug|Any CPU.Build.0 = Debug|Any CPU
		{983244E8-DBAA-4ECF-AF6E-02950446C455}.Release|Any CPU.ActiveCfg = Release|Any CPU
		{983244E8-DBAA-4ECF-AF6E-02950446C455}.Release|Any CPU.Build.0 = Release|Any CPU
	EndGlobalSection
	GlobalSection(SolutionProperties) = preSolution
		HideSolutionNode = FALSE
	EndGlobalSection
	GlobalSection(ExtensibilityGlobals) = postSolution
		SolutionGuid = {56C6EA1F-EA18-4AFC-950F-4107FCFF9176}
	EndGlobalSection
EndGlobal
